
Microsoft Visual Studio Solution File, Format Version 12.00
# Visual Studio Version 16
VisualStudioVersion = 16.0.28621.142
MinimumVisualStudioVersion = 10.0.40219.1
Project("{2150E333-8FDC-42A3-9474-1A3956D46DE8}") = "src", "src", "{0D47BF92-411D-4403-AF43-98F06B9F7C1D}"
EndProject
Project("{2150E333-8FDC-42A3-9474-1A3956D46DE8}") = "test", "test", "{D30B8693-9C67-4766-BEB4-B3CD0B4B10D3}"
EndProject
Project("{9A19103F-16F7-4668-BE54-9A1E7A4F7556}") = "LaundryBooker.Domain", "LaundryBooker.Domain\LaundryBooker.Domain.csproj", "{BC6CD45F-E30F-4E20-9514-9B2E9AC7E066}"
EndProject
Project("{9A19103F-16F7-4668-BE54-9A1E7A4F7556}") = "LaundryBooker.Infrastructure", "LaundryBooker.Infrastructure\LaundryBooker.Infrastructure.csproj", "{5F0CC48D-F843-4626-BC0F-D37BEFF3DB11}"
EndProject
Project("{9A19103F-16F7-4668-BE54-9A1E7A4F7556}") = "LaundryBooker.Sts", "LaundryBooker.Sts\LaundryBooker.Sts.csproj", "{75D9F84A-C827-4775-886D-FA9D809B058A}"
EndProject
Project("{9A19103F-16F7-4668-BE54-9A1E7A4F7556}") = "LaundryBooker.Api", "LaundryBooker.Api\LaundryBooker.Api.csproj", "{025776D8-A674-433E-A2DF-4B33FEDD1C48}"
EndProject
Project("{2150E333-8FDC-42A3-9474-1A3956D46DE8}") = "deploy", "deploy", "{3A16539C-F12B-4409-99DD-0C0A5A97537C}"
EndProject
Project("{2150E333-8FDC-42A3-9474-1A3956D46DE8}") = "k8s", "k8s", "{7580BBD2-98E2-45CC-8C59-A6C2ACFF03E6}"
EndProject
Project("{9A19103F-16F7-4668-BE54-9A1E7A4F7556}") = "LaundryBooker.Tests", "LaundryBooker.Tests\LaundryBooker.Tests.csproj", "{84142960-156C-4F00-B868-31E03A1289F1}"
EndProject
Project("{2150E333-8FDC-42A3-9474-1A3956D46DE8}") = "api", "api", "{B60D5318-4E98-451A-BEC1-17D7ABA71E84}"
EndProject
Project("{2150E333-8FDC-42A3-9474-1A3956D46DE8}") = "domain", "domain", "{A95E0B0C-F7B6-4C7D-93C6-ACA6F4E72E6E}"
EndProject
Project("{2150E333-8FDC-42A3-9474-1A3956D46DE8}") = "infrastructure", "infrastructure", "{5642D772-62A3-45DE-B4BA-BD0702813BED}"
EndProject
Global
	GlobalSection(SolutionConfigurationPlatforms) = preSolution
		Debug|Any CPU = Debug|Any CPU
		Release|Any CPU = Release|Any CPU
	EndGlobalSection
	GlobalSection(ProjectConfigurationPlatforms) = postSolution
		{BC6CD45F-E30F-4E20-9514-9B2E9AC7E066}.Debug|Any CPU.ActiveCfg = Debug|Any CPU
		{BC6CD45F-E30F-4E20-9514-9B2E9AC7E066}.Debug|Any CPU.Build.0 = Debug|Any CPU
		{BC6CD45F-E30F-4E20-9514-9B2E9AC7E066}.Release|Any CPU.ActiveCfg = Release|Any CPU
		{BC6CD45F-E30F-4E20-9514-9B2E9AC7E066}.Release|Any CPU.Build.0 = Release|Any CPU
		{5F0CC48D-F843-4626-BC0F-D37BEFF3DB11}.Debug|Any CPU.ActiveCfg = Debug|Any CPU
		{5F0CC48D-F843-4626-BC0F-D37BEFF3DB11}.Debug|Any CPU.Build.0 = Debug|Any CPU
		{5F0CC48D-F843-4626-BC0F-D37BEFF3DB11}.Release|Any CPU.ActiveCfg = Release|Any CPU
		{5F0CC48D-F843-4626-BC0F-D37BEFF3DB11}.Release|Any CPU.Build.0 = Release|Any CPU
		{75D9F84A-C827-4775-886D-FA9D809B058A}.Debug|Any CPU.ActiveCfg = Debug|Any CPU
		{75D9F84A-C827-4775-886D-FA9D809B058A}.Debug|Any CPU.Build.0 = Debug|Any CPU
		{75D9F84A-C827-4775-886D-FA9D809B058A}.Release|Any CPU.ActiveCfg = Release|Any CPU
		{75D9F84A-C827-4775-886D-FA9D809B058A}.Release|Any CPU.Build.0 = Release|Any CPU
		{025776D8-A674-433E-A2DF-4B33FEDD1C48}.Debug|Any CPU.ActiveCfg = Debug|Any CPU
		{025776D8-A674-433E-A2DF-4B33FEDD1C48}.Debug|Any CPU.Build.0 = Debug|Any CPU
		{025776D8-A674-433E-A2DF-4B33FEDD1C48}.Release|Any CPU.ActiveCfg = Release|Any CPU
		{025776D8-A674-433E-A2DF-4B33FEDD1C48}.Release|Any CPU.Build.0 = Release|Any CPU
		{84142960-156C-4F00-B868-31E03A1289F1}.Debug|Any CPU.ActiveCfg = Debug|Any CPU
		{84142960-156C-4F00-B868-31E03A1289F1}.Debug|Any CPU.Build.0 = Debug|Any CPU
		{84142960-156C-4F00-B868-31E03A1289F1}.Release|Any CPU.ActiveCfg = Release|Any CPU
		{84142960-156C-4F00-B868-31E03A1289F1}.Release|Any CPU.Build.0 = Release|Any CPU
	EndGlobalSection
	GlobalSection(SolutionProperties) = preSolution
		HideSolutionNode = FALSE
	EndGlobalSection
	GlobalSection(NestedProjects) = preSolution
		{BC6CD45F-E30F-4E20-9514-9B2E9AC7E066} = {A95E0B0C-F7B6-4C7D-93C6-ACA6F4E72E6E}
		{5F0CC48D-F843-4626-BC0F-D37BEFF3DB11} = {5642D772-62A3-45DE-B4BA-BD0702813BED}
		{75D9F84A-C827-4775-886D-FA9D809B058A} = {B60D5318-4E98-451A-BEC1-17D7ABA71E84}
		{025776D8-A674-433E-A2DF-4B33FEDD1C48} = {B60D5318-4E98-451A-BEC1-17D7ABA71E84}
		{7580BBD2-98E2-45CC-8C59-A6C2ACFF03E6} = {3A16539C-F12B-4409-99DD-0C0A5A97537C}
		{84142960-156C-4F00-B868-31E03A1289F1} = {D30B8693-9C67-4766-BEB4-B3CD0B4B10D3}
		{B60D5318-4E98-451A-BEC1-17D7ABA71E84} = {0D47BF92-411D-4403-AF43-98F06B9F7C1D}
		{A95E0B0C-F7B6-4C7D-93C6-ACA6F4E72E6E} = {0D47BF92-411D-4403-AF43-98F06B9F7C1D}
		{5642D772-62A3-45DE-B4BA-BD0702813BED} = {0D47BF92-411D-4403-AF43-98F06B9F7C1D}
	EndGlobalSection
	GlobalSection(ExtensibilityGlobals) = postSolution
		SolutionGuid = {B9F130AA-7B59-419F-9E13-E4EE33F580DC}
	EndGlobalSection
EndGlobal
