
Microsoft Visual Studio Solution File, Format Version 12.00
# Visual Studio 15
VisualStudioVersion = 15.0.28010.2003
MinimumVisualStudioVersion = 10.0.40219.1
Project("{2150E333-8FDC-42A3-9474-1A3956D46DE8}") = "src", "src", "{8F45543B-8189-42AF-87D5-60A6811C8289}"
EndProject
Project("{9A19103F-16F7-4668-BE54-9A1E7A4F7556}") = "WriteApi", "src\WriteApi\WriteApi.csproj", "{5195591F-5213-4407-A7AB-7374D411CB74}"
EndProject
Project("{9A19103F-16F7-4668-BE54-9A1E7A4F7556}") = "ReadApi", "src\ReadApi\ReadApi.csproj", "{DF2D4A32-DDD3-4087-B07D-B27271A2FF3F}"
EndProject
Project("{9A19103F-16F7-4668-BE54-9A1E7A4F7556}") = "Domain", "src\Domain\Domain.csproj", "{7E672CFB-9D4C-4EB2-A140-ED1F9523A966}"
EndProject
Project("{2150E333-8FDC-42A3-9474-1A3956D46DE8}") = "_k8s", "_k8s", "{DF736ACC-1ADD-4F49-A7E5-1B6A8241D78A}"
	ProjectSection(SolutionItems) = preProject
		_k8s\deployment.yaml = _k8s\deployment.yaml
	EndProjectSection
EndProject
Project("{9A19103F-16F7-4668-BE54-9A1E7A4F7556}") = "Projections.Prototype", "src\Projections.Prototype\Projections.Prototype.csproj", "{5369692F-CCB8-40F3-ACDA-CC23C8AEA609}"
EndProject
Global
	GlobalSection(SolutionConfigurationPlatforms) = preSolution
		Debug|Any CPU = Debug|Any CPU
		Release|Any CPU = Release|Any CPU
	EndGlobalSection
	GlobalSection(ProjectConfigurationPlatforms) = postSolution
		{5195591F-5213-4407-A7AB-7374D411CB74}.Debug|Any CPU.ActiveCfg = Debug|Any CPU
		{5195591F-5213-4407-A7AB-7374D411CB74}.Debug|Any CPU.Build.0 = Debug|Any CPU
		{5195591F-5213-4407-A7AB-7374D411CB74}.Release|Any CPU.ActiveCfg = Release|Any CPU
		{5195591F-5213-4407-A7AB-7374D411CB74}.Release|Any CPU.Build.0 = Release|Any CPU
		{DF2D4A32-DDD3-4087-B07D-B27271A2FF3F}.Debug|Any CPU.ActiveCfg = Debug|Any CPU
		{DF2D4A32-DDD3-4087-B07D-B27271A2FF3F}.Debug|Any CPU.Build.0 = Debug|Any CPU
		{DF2D4A32-DDD3-4087-B07D-B27271A2FF3F}.Release|Any CPU.ActiveCfg = Release|Any CPU
		{DF2D4A32-DDD3-4087-B07D-B27271A2FF3F}.Release|Any CPU.Build.0 = Release|Any CPU
		{7E672CFB-9D4C-4EB2-A140-ED1F9523A966}.Debug|Any CPU.ActiveCfg = Debug|Any CPU
		{7E672CFB-9D4C-4EB2-A140-ED1F9523A966}.Debug|Any CPU.Build.0 = Debug|Any CPU
		{7E672CFB-9D4C-4EB2-A140-ED1F9523A966}.Release|Any CPU.ActiveCfg = Release|Any CPU
		{7E672CFB-9D4C-4EB2-A140-ED1F9523A966}.Release|Any CPU.Build.0 = Release|Any CPU
		{5369692F-CCB8-40F3-ACDA-CC23C8AEA609}.Debug|Any CPU.ActiveCfg = Debug|Any CPU
		{5369692F-CCB8-40F3-ACDA-CC23C8AEA609}.Debug|Any CPU.Build.0 = Debug|Any CPU
		{5369692F-CCB8-40F3-ACDA-CC23C8AEA609}.Release|Any CPU.ActiveCfg = Release|Any CPU
		{5369692F-CCB8-40F3-ACDA-CC23C8AEA609}.Release|Any CPU.Build.0 = Release|Any CPU
	EndGlobalSection
	GlobalSection(SolutionProperties) = preSolution
		HideSolutionNode = FALSE
	EndGlobalSection
	GlobalSection(NestedProjects) = preSolution
		{5195591F-5213-4407-A7AB-7374D411CB74} = {8F45543B-8189-42AF-87D5-60A6811C8289}
		{DF2D4A32-DDD3-4087-B07D-B27271A2FF3F} = {8F45543B-8189-42AF-87D5-60A6811C8289}
		{7E672CFB-9D4C-4EB2-A140-ED1F9523A966} = {8F45543B-8189-42AF-87D5-60A6811C8289}
		{5369692F-CCB8-40F3-ACDA-CC23C8AEA609} = {8F45543B-8189-42AF-87D5-60A6811C8289}
	EndGlobalSection
	GlobalSection(ExtensibilityGlobals) = postSolution
		SolutionGuid = {9E830C93-D353-41BD-9CB6-F189617FE15E}
	EndGlobalSection
EndGlobal
